
Microsoft Visual Studio Solution File, Format Version 12.00
# Visual Studio Version 17
VisualStudioVersion = 17.5.002.0
MinimumVisualStudioVersion = 10.0.40219.1
Project("{2150E333-8FDC-42A3-9474-1A3956D46DE8}") = "src", "src", "{CF38BDCC-4E62-4371-A4F9-F1733EE2CE77}"
EndProject
Project("{2150E333-8FDC-42A3-9474-1A3956D46DE8}") = "TwoPointerPalindrome", "TwoPointerPalindrome", "{0BD3DB8E-0ADE-4F67-9187-F17EF978C3DF}"
EndProject
Project("{2150E333-8FDC-42A3-9474-1A3956D46DE8}") = "CS", "CS", "{3BB4087C-5825-450D-978D-178144880DBF}"
EndProject
Project("{9A19103F-16F7-4668-BE54-9A1E7A4F7556}") = "Tpp.Algo", "src\TwoPointerPalindrome\CS\Tpp.Algo\Tpp.Algo.csproj", "{031C8CA7-C97F-427C-B559-B25819E80CAA}"
EndProject
Global
	GlobalSection(SolutionConfigurationPlatforms) = preSolution
		Debug|Any CPU = Debug|Any CPU
		Release|Any CPU = Release|Any CPU
	EndGlobalSection
	GlobalSection(ProjectConfigurationPlatforms) = postSolution
		{031C8CA7-C97F-427C-B559-B25819E80CAA}.Debug|Any CPU.ActiveCfg = Debug|Any CPU
		{031C8CA7-C97F-427C-B559-B25819E80CAA}.Debug|Any CPU.Build.0 = Debug|Any CPU
		{031C8CA7-C97F-427C-B559-B25819E80CAA}.Release|Any CPU.ActiveCfg = Release|Any CPU
		{031C8CA7-C97F-427C-B559-B25819E80CAA}.Release|Any CPU.Build.0 = Release|Any CPU
	EndGlobalSection
	GlobalSection(SolutionProperties) = preSolution
		HideSolutionNode = FALSE
	EndGlobalSection
	GlobalSection(NestedProjects) = preSolution
		{0BD3DB8E-0ADE-4F67-9187-F17EF978C3DF} = {CF38BDCC-4E62-4371-A4F9-F1733EE2CE77}
		{3BB4087C-5825-450D-978D-178144880DBF} = {0BD3DB8E-0ADE-4F67-9187-F17EF978C3DF}
		{031C8CA7-C97F-427C-B559-B25819E80CAA} = {3BB4087C-5825-450D-978D-178144880DBF}
	EndGlobalSection
	GlobalSection(ExtensibilityGlobals) = postSolution
		SolutionGuid = {AF324E27-125F-41CE-92E5-393C4295713D}
	EndGlobalSection
EndGlobal
