
Microsoft Visual Studio Solution File, Format Version 12.00
# Visual Studio Version 17
VisualStudioVersion = 17.5.002.0
MinimumVisualStudioVersion = 10.0.40219.1
Project("{2150E333-8FDC-42A3-9474-1A3956D46DE8}") = "a1twopointerpalindrome", "a1twopointerpalindrome", "{D7CBFEB6-F39E-4318-8032-6DECCA952B0E}"
EndProject
Project("{9A19103F-16F7-4668-BE54-9A1E7A4F7556}") = "Tpp.Algo", "a1twopointerpalindrome\CS\Tpp.Algo\Tpp.Algo.csproj", "{26C5969D-8A72-484B-B5AD-2CF18A7C0BF6}"
EndProject
Project("{2150E333-8FDC-42A3-9474-1A3956D46DE8}") = "b1happynumber", "b1happynumber", "{5968462E-3708-41E8-9903-F74F8F3A40EF}"
EndProject
Project("{9A19103F-16F7-4668-BE54-9A1E7A4F7556}") = "FSP.Algo", "b1happynumber\CS\FSP.Algo\FSP.Algo.csproj", "{91E9AC2E-DDAC-4F0B-8ABD-963F78D48F78}"
EndProject
Project("{2150E333-8FDC-42A3-9474-1A3956D46DE8}") = "c1removeadjacentduplicates", "c1removeadjacentduplicates", "{41F36B88-B267-49F1-843F-D1369C3A1564}"
EndProject
Project("{9A19103F-16F7-4668-BE54-9A1E7A4F7556}") = "StacksRAD.Algo", "c1removeadjacentduplicates\CS\StacksRAD.Algo\StacksRAD.Algo.csproj", "{4E8B7D66-C9CA-4494-AD4C-FA4B4ADE01B2}"
EndProject
Project("{2150E333-8FDC-42A3-9474-1A3956D46DE8}") = "d1hashmaps", "d1hashmaps", "{81FB3B0C-450C-44A5-9523-6C33CCE25C9A}"
EndProject
Project("{9A19103F-16F7-4668-BE54-9A1E7A4F7556}") = "DesignHashMaps.Algo", "d1hashmaps\CS\DesignHashMaps.Algo\DesignHashMaps.Algo.csproj", "{5CBB32DA-A666-4FC1-8C2A-1083C9FED09E}"
EndProject
Project("{2150E333-8FDC-42A3-9474-1A3956D46DE8}") = "e1palindromepermutation", "e1palindromepermutation", "{41067554-B011-4FD7-B5BC-098E54C903AA}"
EndProject
Project("{9A19103F-16F7-4668-BE54-9A1E7A4F7556}") = "PalindromePermutation.Algo", "e1palindromepermutation\CS\PalindromePermutation.Algo\PalindromePermutation.Algo.csproj", "{62E3258C-BFCB-47D0-B7B7-2C69BE870617}"
EndProject
Project("{2150E333-8FDC-42A3-9474-1A3956D46DE8}") = "f1binarysearch", "f1binarysearch", "{4BFAC36B-ECE9-405E-B20B-767FB833AB30}"
EndProject
Project("{9A19103F-16F7-4668-BE54-9A1E7A4F7556}") = "BinarySearch.Algo", "f1binarysearch\CS\BinarySearch.Algo\BinarySearch.Algo.csproj", "{2FD1966E-4ACD-4F91-BBDF-5454D3DB388C}"
EndProject
Project("{2150E333-8FDC-42A3-9474-1A3956D46DE8}") = "g1ipmlinkedlist", "g1ipmlinkedlist", "{826F7BF4-FAAA-4F6F-AC08-52F0D2AEF9AE}"
EndProject
Project("{9A19103F-16F7-4668-BE54-9A1E7A4F7556}") = "IPMLinkedList.Algo", "g1ipmlinkedlist\CS\IPMLinkedList.Algo\IPMLinkedList.Algo.csproj", "{C8C69A18-3685-482A-B722-855AD8D8C779}"
EndProject
Project("{2150E333-8FDC-42A3-9474-1A3956D46DE8}") = "h1tdfsdiameter", "h1tdfsdiameter", "{501237B7-6C33-41BD-AE82-328347080980}"
EndProject
Project("{9A19103F-16F7-4668-BE54-9A1E7A4F7556}") = "TDFSDiameter.Algo", "h1tdfsdiameter\CS\TDFSDiameter.Algo\TDFSDiameter.Algo.csproj", "{260A573F-4DF2-4BC1-A6E8-53E11E7627CE}"
EndProject
Project("{2150E333-8FDC-42A3-9474-1A3956D46DE8}") = "i1tbfssymmetric", "i1tbfssymmetric", "{4FEB9941-4456-4876-B093-3136FCF3E89A}"
EndProject
Project("{9A19103F-16F7-4668-BE54-9A1E7A4F7556}") = "TBFSSymmetric.Algo", "i1tbfssymmetric\CS\TBFSSymmetric.Algo\TBFSSymmetric.Algo.csproj", "{2F7A59FD-AF5B-4F1F-B08A-08CD6B45CA3B}"
EndProject
Project("{2150E333-8FDC-42A3-9474-1A3956D46DE8}") = "j1bwmfinddifference", "j1bwmfinddifference", "{9FD63D24-C95D-4150-93D5-440811689FD3}"
EndProject
Project("{9A19103F-16F7-4668-BE54-9A1E7A4F7556}") = "BWMFindDifference.Algo", "j1bwmfinddifference\CS\BWMFindDifference.Algo\BWMFindDifference.Algo.csproj", "{7EDE6214-3217-46BF-AA65-A2D8F6F55477}"
EndProject
Project("{2150E333-8FDC-42A3-9474-1A3956D46DE8}") = "k1matricessmz", "k1matricessmz", "{9D5DC442-4ACD-4E23-B49C-B1C8483C5F44}"
EndProject
Project("{9A19103F-16F7-4668-BE54-9A1E7A4F7556}") = "MatricesSMZ.Algo", "k1matricessmz\CS\MatricesSMZ.Algo\MatricesSMZ.Algo.csproj", "{02C59BE5-B395-4B7F-8F0B-FE0D13EADAC1}"
EndProject
Project("{2150E333-8FDC-42A3-9474-1A3956D46DE8}") = "l1mergeintervals", "l1mergeintervals", "{438E5868-BDD0-421B-86EE-7ACD7F5E3A15}"
EndProject
Project("{9A19103F-16F7-4668-BE54-9A1E7A4F7556}") = "MergeIntervals.Algo", "l1mergeintervals\CS\MergeIntervals.Algo\MergeIntervals.Algo.csproj", "{9FA14E73-7E48-41BE-93FC-56F2BD767E48}"
EndProject
Project("{2150E333-8FDC-42A3-9474-1A3956D46DE8}") = "m1kwaymerge", "m1kwaymerge", "{1F94E841-843C-44E1-93A3-32FCCAEF316A}"
EndProject
Project("{9A19103F-16F7-4668-BE54-9A1E7A4F7556}") = "KWayMerge.Algo", "m1kwaymerge\CS\KWayMerge.Algo\KWayMerge.Algo.csproj", "{187037D0-136A-4AB8-9934-553FA57B9618}"
EndProject
Project("{2150E333-8FDC-42A3-9474-1A3956D46DE8}") = "n1cspmissingnumber", "n1cspmissingnumber", "{3544A341-8C56-4622-9C01-10FAA6091832}"
EndProject
Project("{FAE04EC0-301F-11D3-BF4B-00C04F79EFBC}") = "CSPMissingNumber.Alog", "n1cspmissingnumber\CS\CSPMissingNumber.Alog\CSPMissingNumber.Alog.csproj", "{34A4BE14-02CD-488D-9B1D-4B1FA501E8A5}"
EndProject
Project("{FAE04EC0-301F-11D3-BF4B-00C04F79EFBC}") = "CSPMissingNumber.Alog.Tests", "n1cspmissingnumber\CS\CSPMissingNumber.Alog.Tests\CSPMissingNumber.Alog.Tests.csproj", "{0AA92410-6908-4834-A1FA-0693E532BDF6}"
EndProject
Project("{2150E333-8FDC-42A3-9474-1A3956D46DE8}") = "o1tkeklargestnumber", "o1tkeklargestnumber", "{3AB9510D-5411-46BF-8EEB-EA4F4CAC57D2}"
EndProject
Project("{FAE04EC0-301F-11D3-BF4B-00C04F79EFBC}") = "TKEKLargestNumber.Algo", "o1tkeklargestnumber\CS\TKEKLargestNumber.Algo\TKEKLargestNumber.Algo.csproj", "{C8A5E8B4-36D8-45A7-A074-C4910D884D31}"
EndProject
Project("{FAE04EC0-301F-11D3-BF4B-00C04F79EFBC}") = "TKEKLargestNumber.Algo.Tests", "o1tkeklargestnumber\CS\TKEKLargestNumber.Algo.Tests\TKEKLargestNumber.Algo.Tests.csproj", "{AA04E215-EC54-4B1D-B481-BD487B2E125B}"
EndProject
Global
	GlobalSection(SolutionConfigurationPlatforms) = preSolution
		Debug|Any CPU = Debug|Any CPU
		Release|Any CPU = Release|Any CPU
	EndGlobalSection
	GlobalSection(ProjectConfigurationPlatforms) = postSolution
		{26C5969D-8A72-484B-B5AD-2CF18A7C0BF6}.Debug|Any CPU.ActiveCfg = Debug|Any CPU
		{26C5969D-8A72-484B-B5AD-2CF18A7C0BF6}.Debug|Any CPU.Build.0 = Debug|Any CPU
		{26C5969D-8A72-484B-B5AD-2CF18A7C0BF6}.Release|Any CPU.ActiveCfg = Release|Any CPU
		{26C5969D-8A72-484B-B5AD-2CF18A7C0BF6}.Release|Any CPU.Build.0 = Release|Any CPU
		{91E9AC2E-DDAC-4F0B-8ABD-963F78D48F78}.Debug|Any CPU.ActiveCfg = Debug|Any CPU
		{91E9AC2E-DDAC-4F0B-8ABD-963F78D48F78}.Debug|Any CPU.Build.0 = Debug|Any CPU
		{91E9AC2E-DDAC-4F0B-8ABD-963F78D48F78}.Release|Any CPU.ActiveCfg = Release|Any CPU
		{91E9AC2E-DDAC-4F0B-8ABD-963F78D48F78}.Release|Any CPU.Build.0 = Release|Any CPU
		{4E8B7D66-C9CA-4494-AD4C-FA4B4ADE01B2}.Debug|Any CPU.ActiveCfg = Debug|Any CPU
		{4E8B7D66-C9CA-4494-AD4C-FA4B4ADE01B2}.Debug|Any CPU.Build.0 = Debug|Any CPU
		{4E8B7D66-C9CA-4494-AD4C-FA4B4ADE01B2}.Release|Any CPU.ActiveCfg = Release|Any CPU
		{4E8B7D66-C9CA-4494-AD4C-FA4B4ADE01B2}.Release|Any CPU.Build.0 = Release|Any CPU
		{5CBB32DA-A666-4FC1-8C2A-1083C9FED09E}.Debug|Any CPU.ActiveCfg = Debug|Any CPU
		{5CBB32DA-A666-4FC1-8C2A-1083C9FED09E}.Debug|Any CPU.Build.0 = Debug|Any CPU
		{5CBB32DA-A666-4FC1-8C2A-1083C9FED09E}.Release|Any CPU.ActiveCfg = Release|Any CPU
		{5CBB32DA-A666-4FC1-8C2A-1083C9FED09E}.Release|Any CPU.Build.0 = Release|Any CPU
		{62E3258C-BFCB-47D0-B7B7-2C69BE870617}.Debug|Any CPU.ActiveCfg = Debug|Any CPU
		{62E3258C-BFCB-47D0-B7B7-2C69BE870617}.Debug|Any CPU.Build.0 = Debug|Any CPU
		{62E3258C-BFCB-47D0-B7B7-2C69BE870617}.Release|Any CPU.ActiveCfg = Release|Any CPU
		{62E3258C-BFCB-47D0-B7B7-2C69BE870617}.Release|Any CPU.Build.0 = Release|Any CPU
		{2FD1966E-4ACD-4F91-BBDF-5454D3DB388C}.Debug|Any CPU.ActiveCfg = Debug|Any CPU
		{2FD1966E-4ACD-4F91-BBDF-5454D3DB388C}.Debug|Any CPU.Build.0 = Debug|Any CPU
		{2FD1966E-4ACD-4F91-BBDF-5454D3DB388C}.Release|Any CPU.ActiveCfg = Release|Any CPU
		{2FD1966E-4ACD-4F91-BBDF-5454D3DB388C}.Release|Any CPU.Build.0 = Release|Any CPU
		{C8C69A18-3685-482A-B722-855AD8D8C779}.Debug|Any CPU.ActiveCfg = Debug|Any CPU
		{C8C69A18-3685-482A-B722-855AD8D8C779}.Debug|Any CPU.Build.0 = Debug|Any CPU
		{C8C69A18-3685-482A-B722-855AD8D8C779}.Release|Any CPU.ActiveCfg = Release|Any CPU
		{C8C69A18-3685-482A-B722-855AD8D8C779}.Release|Any CPU.Build.0 = Release|Any CPU
		{260A573F-4DF2-4BC1-A6E8-53E11E7627CE}.Debug|Any CPU.ActiveCfg = Debug|Any CPU
		{260A573F-4DF2-4BC1-A6E8-53E11E7627CE}.Debug|Any CPU.Build.0 = Debug|Any CPU
		{260A573F-4DF2-4BC1-A6E8-53E11E7627CE}.Release|Any CPU.ActiveCfg = Release|Any CPU
		{260A573F-4DF2-4BC1-A6E8-53E11E7627CE}.Release|Any CPU.Build.0 = Release|Any CPU
		{2F7A59FD-AF5B-4F1F-B08A-08CD6B45CA3B}.Debug|Any CPU.ActiveCfg = Debug|Any CPU
		{2F7A59FD-AF5B-4F1F-B08A-08CD6B45CA3B}.Debug|Any CPU.Build.0 = Debug|Any CPU
		{2F7A59FD-AF5B-4F1F-B08A-08CD6B45CA3B}.Release|Any CPU.ActiveCfg = Release|Any CPU
		{2F7A59FD-AF5B-4F1F-B08A-08CD6B45CA3B}.Release|Any CPU.Build.0 = Release|Any CPU
		{7EDE6214-3217-46BF-AA65-A2D8F6F55477}.Debug|Any CPU.ActiveCfg = Debug|Any CPU
		{7EDE6214-3217-46BF-AA65-A2D8F6F55477}.Debug|Any CPU.Build.0 = Debug|Any CPU
		{7EDE6214-3217-46BF-AA65-A2D8F6F55477}.Release|Any CPU.ActiveCfg = Release|Any CPU
		{7EDE6214-3217-46BF-AA65-A2D8F6F55477}.Release|Any CPU.Build.0 = Release|Any CPU
		{02C59BE5-B395-4B7F-8F0B-FE0D13EADAC1}.Debug|Any CPU.ActiveCfg = Debug|Any CPU
		{02C59BE5-B395-4B7F-8F0B-FE0D13EADAC1}.Debug|Any CPU.Build.0 = Debug|Any CPU
		{02C59BE5-B395-4B7F-8F0B-FE0D13EADAC1}.Release|Any CPU.ActiveCfg = Release|Any CPU
		{02C59BE5-B395-4B7F-8F0B-FE0D13EADAC1}.Release|Any CPU.Build.0 = Release|Any CPU
		{9FA14E73-7E48-41BE-93FC-56F2BD767E48}.Debug|Any CPU.ActiveCfg = Debug|Any CPU
		{9FA14E73-7E48-41BE-93FC-56F2BD767E48}.Debug|Any CPU.Build.0 = Debug|Any CPU
		{9FA14E73-7E48-41BE-93FC-56F2BD767E48}.Release|Any CPU.ActiveCfg = Release|Any CPU
		{9FA14E73-7E48-41BE-93FC-56F2BD767E48}.Release|Any CPU.Build.0 = Release|Any CPU
		{187037D0-136A-4AB8-9934-553FA57B9618}.Debug|Any CPU.ActiveCfg = Debug|Any CPU
		{187037D0-136A-4AB8-9934-553FA57B9618}.Debug|Any CPU.Build.0 = Debug|Any CPU
		{187037D0-136A-4AB8-9934-553FA57B9618}.Release|Any CPU.ActiveCfg = Release|Any CPU
		{187037D0-136A-4AB8-9934-553FA57B9618}.Release|Any CPU.Build.0 = Release|Any CPU
		{34A4BE14-02CD-488D-9B1D-4B1FA501E8A5}.Debug|Any CPU.ActiveCfg = Debug|Any CPU
		{34A4BE14-02CD-488D-9B1D-4B1FA501E8A5}.Debug|Any CPU.Build.0 = Debug|Any CPU
		{34A4BE14-02CD-488D-9B1D-4B1FA501E8A5}.Release|Any CPU.ActiveCfg = Release|Any CPU
		{34A4BE14-02CD-488D-9B1D-4B1FA501E8A5}.Release|Any CPU.Build.0 = Release|Any CPU
		{0AA92410-6908-4834-A1FA-0693E532BDF6}.Debug|Any CPU.ActiveCfg = Debug|Any CPU
		{0AA92410-6908-4834-A1FA-0693E532BDF6}.Debug|Any CPU.Build.0 = Debug|Any CPU
		{0AA92410-6908-4834-A1FA-0693E532BDF6}.Release|Any CPU.ActiveCfg = Release|Any CPU
		{0AA92410-6908-4834-A1FA-0693E532BDF6}.Release|Any CPU.Build.0 = Release|Any CPU
		{C8A5E8B4-36D8-45A7-A074-C4910D884D31}.Debug|Any CPU.ActiveCfg = Debug|Any CPU
		{C8A5E8B4-36D8-45A7-A074-C4910D884D31}.Debug|Any CPU.Build.0 = Debug|Any CPU
		{C8A5E8B4-36D8-45A7-A074-C4910D884D31}.Release|Any CPU.ActiveCfg = Release|Any CPU
		{C8A5E8B4-36D8-45A7-A074-C4910D884D31}.Release|Any CPU.Build.0 = Release|Any CPU
		{AA04E215-EC54-4B1D-B481-BD487B2E125B}.Debug|Any CPU.ActiveCfg = Debug|Any CPU
		{AA04E215-EC54-4B1D-B481-BD487B2E125B}.Debug|Any CPU.Build.0 = Debug|Any CPU
		{AA04E215-EC54-4B1D-B481-BD487B2E125B}.Release|Any CPU.ActiveCfg = Release|Any CPU
		{AA04E215-EC54-4B1D-B481-BD487B2E125B}.Release|Any CPU.Build.0 = Release|Any CPU
	EndGlobalSection
	GlobalSection(SolutionProperties) = preSolution
		HideSolutionNode = FALSE
	EndGlobalSection
	GlobalSection(NestedProjects) = preSolution
		{26C5969D-8A72-484B-B5AD-2CF18A7C0BF6} = {D7CBFEB6-F39E-4318-8032-6DECCA952B0E}
		{91E9AC2E-DDAC-4F0B-8ABD-963F78D48F78} = {5968462E-3708-41E8-9903-F74F8F3A40EF}
		{4E8B7D66-C9CA-4494-AD4C-FA4B4ADE01B2} = {41F36B88-B267-49F1-843F-D1369C3A1564}
		{5CBB32DA-A666-4FC1-8C2A-1083C9FED09E} = {81FB3B0C-450C-44A5-9523-6C33CCE25C9A}
		{62E3258C-BFCB-47D0-B7B7-2C69BE870617} = {41067554-B011-4FD7-B5BC-098E54C903AA}
		{2FD1966E-4ACD-4F91-BBDF-5454D3DB388C} = {4BFAC36B-ECE9-405E-B20B-767FB833AB30}
		{C8C69A18-3685-482A-B722-855AD8D8C779} = {826F7BF4-FAAA-4F6F-AC08-52F0D2AEF9AE}
		{260A573F-4DF2-4BC1-A6E8-53E11E7627CE} = {501237B7-6C33-41BD-AE82-328347080980}
		{2F7A59FD-AF5B-4F1F-B08A-08CD6B45CA3B} = {4FEB9941-4456-4876-B093-3136FCF3E89A}
		{7EDE6214-3217-46BF-AA65-A2D8F6F55477} = {9FD63D24-C95D-4150-93D5-440811689FD3}
		{02C59BE5-B395-4B7F-8F0B-FE0D13EADAC1} = {9D5DC442-4ACD-4E23-B49C-B1C8483C5F44}
		{9FA14E73-7E48-41BE-93FC-56F2BD767E48} = {438E5868-BDD0-421B-86EE-7ACD7F5E3A15}
		{187037D0-136A-4AB8-9934-553FA57B9618} = {1F94E841-843C-44E1-93A3-32FCCAEF316A}
		{34A4BE14-02CD-488D-9B1D-4B1FA501E8A5} = {3544A341-8C56-4622-9C01-10FAA6091832}
		{0AA92410-6908-4834-A1FA-0693E532BDF6} = {3544A341-8C56-4622-9C01-10FAA6091832}
		{C8A5E8B4-36D8-45A7-A074-C4910D884D31} = {3AB9510D-5411-46BF-8EEB-EA4F4CAC57D2}
		{AA04E215-EC54-4B1D-B481-BD487B2E125B} = {3AB9510D-5411-46BF-8EEB-EA4F4CAC57D2}
	EndGlobalSection
	GlobalSection(ExtensibilityGlobals) = postSolution
		SolutionGuid = {AF324E27-125F-41CE-92E5-393C4295713D}
	EndGlobalSection
EndGlobal
